<?xml version="1.0" encoding="UTF-8"?>
<CodeBlocks_project_file>
	<FileVersion major="1" minor="6"/>
	<Project>
		<Option title="ZMAP"/>
		<Option makefile_is_custom="1"/>
		<Option compiler="gcc"/>
		<Option virtualFolders="CMake Files\;CMake Files\lib\;CMake Files\src\;"/>
		<Build>
			<Target title="all">
				<Option working_dir="/home/ubuntu/zmap"/>
				<Option type="4"/>
				<MakeCommands>
					<Build command="/usr/bin/make -j4 -f &quot;/home/ubuntu/zmap/Makefile&quot;  VERBOSE=1 all"/>
					<CompileFile command="/usr/bin/make -j4 -f &quot;/home/ubuntu/zmap/Makefile&quot;  VERBOSE=1 &quot;$file&quot;"/>
					<Clean command="/usr/bin/make -j4 -f &quot;/home/ubuntu/zmap/Makefile&quot;  VERBOSE=1 clean"/>
					<DistClean command="/usr/bin/make -j4 -f &quot;/home/ubuntu/zmap/Makefile&quot;  VERBOSE=1 clean"/>
				</MakeCommands>
			</Target>
			<Target title="install/strip">
				<Option working_dir="/home/ubuntu/zmap"/>
				<Option type="4"/>
				<MakeCommands>
					<Build command="/usr/bin/make -j4 -f &quot;/home/ubuntu/zmap/Makefile&quot;  VERBOSE=1 install/strip"/>
					<CompileFile command="/usr/bin/make -j4 -f &quot;/home/ubuntu/zmap/Makefile&quot;  VERBOSE=1 &quot;$file&quot;"/>
					<Clean command="/usr/bin/make -j4 -f &quot;/home/ubuntu/zmap/Makefile&quot;  VERBOSE=1 clean"/>
					<DistClean command="/usr/bin/make -j4 -f &quot;/home/ubuntu/zmap/Makefile&quot;  VERBOSE=1 clean"/>
				</MakeCommands>
			</Target>
			<Target title="install/local">
				<Option working_dir="/home/ubuntu/zmap"/>
				<Option type="4"/>
				<MakeCommands>
					<Build command="/usr/bin/make -j4 -f &quot;/home/ubuntu/zmap/Makefile&quot;  VERBOSE=1 install/local"/>
					<CompileFile command="/usr/bin/make -j4 -f &quot;/home/ubuntu/zmap/Makefile&quot;  VERBOSE=1 &quot;$file&quot;"/>
					<Clean command="/usr/bin/make -j4 -f &quot;/home/ubuntu/zmap/Makefile&quot;  VERBOSE=1 clean"/>
					<DistClean command="/usr/bin/make -j4 -f &quot;/home/ubuntu/zmap/Makefile&quot;  VERBOSE=1 clean"/>
				</MakeCommands>
			</Target>
			<Target title="install">
				<Option working_dir="/home/ubuntu/zmap"/>
				<Option type="4"/>
				<MakeCommands>
					<Build command="/usr/bin/make -j4 -f &quot;/home/ubuntu/zmap/Makefile&quot;  VERBOSE=1 install"/>
					<CompileFile command="/usr/bin/make -j4 -f &quot;/home/ubuntu/zmap/Makefile&quot;  VERBOSE=1 &quot;$file&quot;"/>
					<Clean command="/usr/bin/make -j4 -f &quot;/home/ubuntu/zmap/Makefile&quot;  VERBOSE=1 clean"/>
					<DistClean command="/usr/bin/make -j4 -f &quot;/home/ubuntu/zmap/Makefile&quot;  VERBOSE=1 clean"/>
				</MakeCommands>
			</Target>
			<Target title="list_install_components">
				<Option working_dir="/home/ubuntu/zmap"/>
				<Option type="4"/>
				<MakeCommands>
					<Build command="/usr/bin/make -j4 -f &quot;/home/ubuntu/zmap/Makefile&quot;  VERBOSE=1 list_install_components"/>
					<CompileFile command="/usr/bin/make -j4 -f &quot;/home/ubuntu/zmap/Makefile&quot;  VERBOSE=1 &quot;$file&quot;"/>
					<Clean command="/usr/bin/make -j4 -f &quot;/home/ubuntu/zmap/Makefile&quot;  VERBOSE=1 clean"/>
					<DistClean command="/usr/bin/make -j4 -f &quot;/home/ubuntu/zmap/Makefile&quot;  VERBOSE=1 clean"/>
				</MakeCommands>
			</Target>
			<Target title="rebuild_cache">
				<Option working_dir="/home/ubuntu/zmap"/>
				<Option type="4"/>
				<MakeCommands>
					<Build command="/usr/bin/make -j4 -f &quot;/home/ubuntu/zmap/Makefile&quot;  VERBOSE=1 rebuild_cache"/>
					<CompileFile command="/usr/bin/make -j4 -f &quot;/home/ubuntu/zmap/Makefile&quot;  VERBOSE=1 &quot;$file&quot;"/>
					<Clean command="/usr/bin/make -j4 -f &quot;/home/ubuntu/zmap/Makefile&quot;  VERBOSE=1 clean"/>
					<DistClean command="/usr/bin/make -j4 -f &quot;/home/ubuntu/zmap/Makefile&quot;  VERBOSE=1 clean"/>
				</MakeCommands>
			</Target>
			<Target title="edit_cache">
				<Option working_dir="/home/ubuntu/zmap"/>
				<Option type="4"/>
				<MakeCommands>
					<Build command="/usr/bin/make -j4 -f &quot;/home/ubuntu/zmap/Makefile&quot;  VERBOSE=1 edit_cache"/>
					<CompileFile command="/usr/bin/make -j4 -f &quot;/home/ubuntu/zmap/Makefile&quot;  VERBOSE=1 &quot;$file&quot;"/>
					<Clean command="/usr/bin/make -j4 -f &quot;/home/ubuntu/zmap/Makefile&quot;  VERBOSE=1 clean"/>
					<DistClean command="/usr/bin/make -j4 -f &quot;/home/ubuntu/zmap/Makefile&quot;  VERBOSE=1 clean"/>
				</MakeCommands>
			</Target>
			<Target title="package_source">
				<Option working_dir="/home/ubuntu/zmap"/>
				<Option type="4"/>
				<MakeCommands>
					<Build command="/usr/bin/make -j4 -f &quot;/home/ubuntu/zmap/Makefile&quot;  VERBOSE=1 package_source"/>
					<CompileFile command="/usr/bin/make -j4 -f &quot;/home/ubuntu/zmap/Makefile&quot;  VERBOSE=1 &quot;$file&quot;"/>
					<Clean command="/usr/bin/make -j4 -f &quot;/home/ubuntu/zmap/Makefile&quot;  VERBOSE=1 clean"/>
					<DistClean command="/usr/bin/make -j4 -f &quot;/home/ubuntu/zmap/Makefile&quot;  VERBOSE=1 clean"/>
				</MakeCommands>
			</Target>
			<Target title="package">
				<Option working_dir="/home/ubuntu/zmap"/>
				<Option type="4"/>
				<MakeCommands>
					<Build command="/usr/bin/make -j4 -f &quot;/home/ubuntu/zmap/Makefile&quot;  VERBOSE=1 package"/>
					<CompileFile command="/usr/bin/make -j4 -f &quot;/home/ubuntu/zmap/Makefile&quot;  VERBOSE=1 &quot;$file&quot;"/>
					<Clean command="/usr/bin/make -j4 -f &quot;/home/ubuntu/zmap/Makefile&quot;  VERBOSE=1 clean"/>
					<DistClean command="/usr/bin/make -j4 -f &quot;/home/ubuntu/zmap/Makefile&quot;  VERBOSE=1 clean"/>
				</MakeCommands>
			</Target>
			<Target title="zmaplib">
				<Option output="/home/ubuntu/zmap/lib/libzmaplib.a" prefix_auto="0" extension_auto="0"/>
				<Option working_dir="/home/ubuntu/zmap/lib"/>
				<Option object_output="./"/>
				<Option type="2"/>
				<Option compiler="gcc"/>
				<Compiler>
					<Add directory="/usr/include/json-c"/>
					<Add directory="/home/ubuntu/zmap/lib"/>
					<Add directory="/usr/lib/gcc/x86_64-linux-gnu/5/include"/>
					<Add directory="/usr/local/include"/>
					<Add directory="/usr/lib/gcc/x86_64-linux-gnu/5/include-fixed"/>
					<Add directory="/usr/include/x86_64-linux-gnu"/>
					<Add directory="/usr/include"/>
				</Compiler>
				<MakeCommands>
					<Build command="/usr/bin/make -j4 -f &quot;/home/ubuntu/zmap/lib/Makefile&quot;  VERBOSE=1 zmaplib"/>
					<CompileFile command="/usr/bin/make -j4 -f &quot;/home/ubuntu/zmap/lib/Makefile&quot;  VERBOSE=1 &quot;$file&quot;"/>
					<Clean command="/usr/bin/make -j4 -f &quot;/home/ubuntu/zmap/lib/Makefile&quot;  VERBOSE=1 clean"/>
					<DistClean command="/usr/bin/make -j4 -f &quot;/home/ubuntu/zmap/lib/Makefile&quot;  VERBOSE=1 clean"/>
				</MakeCommands>
			</Target>
			<Target title="zmaplib/fast">
				<Option output="/home/ubuntu/zmap/lib/libzmaplib.a" prefix_auto="0" extension_auto="0"/>
				<Option working_dir="/home/ubuntu/zmap/lib"/>
				<Option object_output="./"/>
				<Option type="2"/>
				<Option compiler="gcc"/>
				<Compiler>
					<Add directory="/usr/include/json-c"/>
					<Add directory="/home/ubuntu/zmap/lib"/>
					<Add directory="/usr/lib/gcc/x86_64-linux-gnu/5/include"/>
					<Add directory="/usr/local/include"/>
					<Add directory="/usr/lib/gcc/x86_64-linux-gnu/5/include-fixed"/>
					<Add directory="/usr/include/x86_64-linux-gnu"/>
					<Add directory="/usr/include"/>
				</Compiler>
				<MakeCommands>
					<Build command="/usr/bin/make -j4 -f &quot;/home/ubuntu/zmap/lib/Makefile&quot;  VERBOSE=1 zmaplib/fast"/>
					<CompileFile command="/usr/bin/make -j4 -f &quot;/home/ubuntu/zmap/lib/Makefile&quot;  VERBOSE=1 &quot;$file&quot;"/>
					<Clean command="/usr/bin/make -j4 -f &quot;/home/ubuntu/zmap/lib/Makefile&quot;  VERBOSE=1 clean"/>
					<DistClean command="/usr/bin/make -j4 -f &quot;/home/ubuntu/zmap/lib/Makefile&quot;  VERBOSE=1 clean"/>
				</MakeCommands>
			</Target>
			<Target title="ztee">
				<Option output="/home/ubuntu/zmap/src/ztee" prefix_auto="0" extension_auto="0"/>
				<Option working_dir="/home/ubuntu/zmap/src"/>
				<Option object_output="./"/>
				<Option type="1"/>
				<Option compiler="gcc"/>
				<Compiler>
					<Add directory="/usr/include/json-c"/>
					<Add directory="/home/ubuntu/zmap/src"/>
					<Add directory="/home/ubuntu/zmap/lib"/>
					<Add directory="/home/ubuntu/zmap/src/output_modules"/>
					<Add directory="/home/ubuntu/zmap/src/tests"/>
					<Add directory="/usr/lib/gcc/x86_64-linux-gnu/5/include"/>
					<Add directory="/usr/local/include"/>
					<Add directory="/usr/lib/gcc/x86_64-linux-gnu/5/include-fixed"/>
					<Add directory="/usr/include/x86_64-linux-gnu"/>
					<Add directory="/usr/include"/>
				</Compiler>
				<MakeCommands>
					<Build command="/usr/bin/make -j4 -f &quot;/home/ubuntu/zmap/src/Makefile&quot;  VERBOSE=1 ztee"/>
					<CompileFile command="/usr/bin/make -j4 -f &quot;/home/ubuntu/zmap/src/Makefile&quot;  VERBOSE=1 &quot;$file&quot;"/>
					<Clean command="/usr/bin/make -j4 -f &quot;/home/ubuntu/zmap/src/Makefile&quot;  VERBOSE=1 clean"/>
					<DistClean command="/usr/bin/make -j4 -f &quot;/home/ubuntu/zmap/src/Makefile&quot;  VERBOSE=1 clean"/>
				</MakeCommands>
			</Target>
			<Target title="ztee/fast">
				<Option output="/home/ubuntu/zmap/src/ztee" prefix_auto="0" extension_auto="0"/>
				<Option working_dir="/home/ubuntu/zmap/src"/>
				<Option object_output="./"/>
				<Option type="1"/>
				<Option compiler="gcc"/>
				<Compiler>
					<Add directory="/usr/include/json-c"/>
					<Add directory="/home/ubuntu/zmap/src"/>
					<Add directory="/home/ubuntu/zmap/lib"/>
					<Add directory="/home/ubuntu/zmap/src/output_modules"/>
					<Add directory="/home/ubuntu/zmap/src/tests"/>
					<Add directory="/usr/lib/gcc/x86_64-linux-gnu/5/include"/>
					<Add directory="/usr/local/include"/>
					<Add directory="/usr/lib/gcc/x86_64-linux-gnu/5/include-fixed"/>
					<Add directory="/usr/include/x86_64-linux-gnu"/>
					<Add directory="/usr/include"/>
				</Compiler>
				<MakeCommands>
					<Build command="/usr/bin/make -j4 -f &quot;/home/ubuntu/zmap/src/Makefile&quot;  VERBOSE=1 ztee/fast"/>
					<CompileFile command="/usr/bin/make -j4 -f &quot;/home/ubuntu/zmap/src/Makefile&quot;  VERBOSE=1 &quot;$file&quot;"/>
					<Clean command="/usr/bin/make -j4 -f &quot;/home/ubuntu/zmap/src/Makefile&quot;  VERBOSE=1 clean"/>
					<DistClean command="/usr/bin/make -j4 -f &quot;/home/ubuntu/zmap/src/Makefile&quot;  VERBOSE=1 clean"/>
				</MakeCommands>
			</Target>
			<Target title="zblacklist">
				<Option output="/home/ubuntu/zmap/src/zblacklist" prefix_auto="0" extension_auto="0"/>
				<Option working_dir="/home/ubuntu/zmap/src"/>
				<Option object_output="./"/>
				<Option type="1"/>
				<Option compiler="gcc"/>
				<Compiler>
					<Add directory="/usr/include/json-c"/>
					<Add directory="/home/ubuntu/zmap/src"/>
					<Add directory="/home/ubuntu/zmap/lib"/>
					<Add directory="/home/ubuntu/zmap/src/output_modules"/>
					<Add directory="/home/ubuntu/zmap/src/tests"/>
					<Add directory="/usr/lib/gcc/x86_64-linux-gnu/5/include"/>
					<Add directory="/usr/local/include"/>
					<Add directory="/usr/lib/gcc/x86_64-linux-gnu/5/include-fixed"/>
					<Add directory="/usr/include/x86_64-linux-gnu"/>
					<Add directory="/usr/include"/>
				</Compiler>
				<MakeCommands>
					<Build command="/usr/bin/make -j4 -f &quot;/home/ubuntu/zmap/src/Makefile&quot;  VERBOSE=1 zblacklist"/>
					<CompileFile command="/usr/bin/make -j4 -f &quot;/home/ubuntu/zmap/src/Makefile&quot;  VERBOSE=1 &quot;$file&quot;"/>
					<Clean command="/usr/bin/make -j4 -f &quot;/home/ubuntu/zmap/src/Makefile&quot;  VERBOSE=1 clean"/>
					<DistClean command="/usr/bin/make -j4 -f &quot;/home/ubuntu/zmap/src/Makefile&quot;  VERBOSE=1 clean"/>
				</MakeCommands>
			</Target>
			<Target title="zblacklist/fast">
				<Option output="/home/ubuntu/zmap/src/zblacklist" prefix_auto="0" extension_auto="0"/>
				<Option working_dir="/home/ubuntu/zmap/src"/>
				<Option object_output="./"/>
				<Option type="1"/>
				<Option compiler="gcc"/>
				<Compiler>
					<Add directory="/usr/include/json-c"/>
					<Add directory="/home/ubuntu/zmap/src"/>
					<Add directory="/home/ubuntu/zmap/lib"/>
					<Add directory="/home/ubuntu/zmap/src/output_modules"/>
					<Add directory="/home/ubuntu/zmap/src/tests"/>
					<Add directory="/usr/lib/gcc/x86_64-linux-gnu/5/include"/>
					<Add directory="/usr/local/include"/>
					<Add directory="/usr/lib/gcc/x86_64-linux-gnu/5/include-fixed"/>
					<Add directory="/usr/include/x86_64-linux-gnu"/>
					<Add directory="/usr/include"/>
				</Compiler>
				<MakeCommands>
					<Build command="/usr/bin/make -j4 -f &quot;/home/ubuntu/zmap/src/Makefile&quot;  VERBOSE=1 zblacklist/fast"/>
					<CompileFile command="/usr/bin/make -j4 -f &quot;/home/ubuntu/zmap/src/Makefile&quot;  VERBOSE=1 &quot;$file&quot;"/>
					<Clean command="/usr/bin/make -j4 -f &quot;/home/ubuntu/zmap/src/Makefile&quot;  VERBOSE=1 clean"/>
					<DistClean command="/usr/bin/make -j4 -f &quot;/home/ubuntu/zmap/src/Makefile&quot;  VERBOSE=1 clean"/>
				</MakeCommands>
			</Target>
			<Target title="ziterate">
				<Option output="/home/ubuntu/zmap/src/ziterate" prefix_auto="0" extension_auto="0"/>
				<Option working_dir="/home/ubuntu/zmap/src"/>
				<Option object_output="./"/>
				<Option type="1"/>
				<Option compiler="gcc"/>
				<Compiler>
					<Add directory="/usr/include/json-c"/>
					<Add directory="/home/ubuntu/zmap/src"/>
					<Add directory="/home/ubuntu/zmap/lib"/>
					<Add directory="/home/ubuntu/zmap/src/output_modules"/>
					<Add directory="/home/ubuntu/zmap/src/tests"/>
					<Add directory="/usr/lib/gcc/x86_64-linux-gnu/5/include"/>
					<Add directory="/usr/local/include"/>
					<Add directory="/usr/lib/gcc/x86_64-linux-gnu/5/include-fixed"/>
					<Add directory="/usr/include/x86_64-linux-gnu"/>
					<Add directory="/usr/include"/>
				</Compiler>
				<MakeCommands>
					<Build command="/usr/bin/make -j4 -f &quot;/home/ubuntu/zmap/src/Makefile&quot;  VERBOSE=1 ziterate"/>
					<CompileFile command="/usr/bin/make -j4 -f &quot;/home/ubuntu/zmap/src/Makefile&quot;  VERBOSE=1 &quot;$file&quot;"/>
					<Clean command="/usr/bin/make -j4 -f &quot;/home/ubuntu/zmap/src/Makefile&quot;  VERBOSE=1 clean"/>
					<DistClean command="/usr/bin/make -j4 -f &quot;/home/ubuntu/zmap/src/Makefile&quot;  VERBOSE=1 clean"/>
				</MakeCommands>
			</Target>
			<Target title="ziterate/fast">
				<Option output="/home/ubuntu/zmap/src/ziterate" prefix_auto="0" extension_auto="0"/>
				<Option working_dir="/home/ubuntu/zmap/src"/>
				<Option object_output="./"/>
				<Option type="1"/>
				<Option compiler="gcc"/>
				<Compiler>
					<Add directory="/usr/include/json-c"/>
					<Add directory="/home/ubuntu/zmap/src"/>
					<Add directory="/home/ubuntu/zmap/lib"/>
					<Add directory="/home/ubuntu/zmap/src/output_modules"/>
					<Add directory="/home/ubuntu/zmap/src/tests"/>
					<Add directory="/usr/lib/gcc/x86_64-linux-gnu/5/include"/>
					<Add directory="/usr/local/include"/>
					<Add directory="/usr/lib/gcc/x86_64-linux-gnu/5/include-fixed"/>
					<Add directory="/usr/include/x86_64-linux-gnu"/>
					<Add directory="/usr/include"/>
				</Compiler>
				<MakeCommands>
					<Build command="/usr/bin/make -j4 -f &quot;/home/ubuntu/zmap/src/Makefile&quot;  VERBOSE=1 ziterate/fast"/>
					<CompileFile command="/usr/bin/make -j4 -f &quot;/home/ubuntu/zmap/src/Makefile&quot;  VERBOSE=1 &quot;$file&quot;"/>
					<Clean command="/usr/bin/make -j4 -f &quot;/home/ubuntu/zmap/src/Makefile&quot;  VERBOSE=1 clean"/>
					<DistClean command="/usr/bin/make -j4 -f &quot;/home/ubuntu/zmap/src/Makefile&quot;  VERBOSE=1 clean"/>
				</MakeCommands>
			</Target>
			<Target title="ztests">
				<Option output="/home/ubuntu/zmap/src/ztests" prefix_auto="0" extension_auto="0"/>
				<Option working_dir="/home/ubuntu/zmap/src"/>
				<Option object_output="./"/>
				<Option type="1"/>
				<Option compiler="gcc"/>
				<Compiler>
					<Add directory="/usr/include/json-c"/>
					<Add directory="/home/ubuntu/zmap/src"/>
					<Add directory="/home/ubuntu/zmap/lib"/>
					<Add directory="/home/ubuntu/zmap/src/output_modules"/>
					<Add directory="/home/ubuntu/zmap/src/tests"/>
					<Add directory="/usr/lib/gcc/x86_64-linux-gnu/5/include"/>
					<Add directory="/usr/local/include"/>
					<Add directory="/usr/lib/gcc/x86_64-linux-gnu/5/include-fixed"/>
					<Add directory="/usr/include/x86_64-linux-gnu"/>
					<Add directory="/usr/include"/>
				</Compiler>
				<MakeCommands>
					<Build command="/usr/bin/make -j4 -f &quot;/home/ubuntu/zmap/src/Makefile&quot;  VERBOSE=1 ztests"/>
					<CompileFile command="/usr/bin/make -j4 -f &quot;/home/ubuntu/zmap/src/Makefile&quot;  VERBOSE=1 &quot;$file&quot;"/>
					<Clean command="/usr/bin/make -j4 -f &quot;/home/ubuntu/zmap/src/Makefile&quot;  VERBOSE=1 clean"/>
					<DistClean command="/usr/bin/make -j4 -f &quot;/home/ubuntu/zmap/src/Makefile&quot;  VERBOSE=1 clean"/>
				</MakeCommands>
			</Target>
			<Target title="ztests/fast">
				<Option output="/home/ubuntu/zmap/src/ztests" prefix_auto="0" extension_auto="0"/>
				<Option working_dir="/home/ubuntu/zmap/src"/>
				<Option object_output="./"/>
				<Option type="1"/>
				<Option compiler="gcc"/>
				<Compiler>
					<Add directory="/usr/include/json-c"/>
					<Add directory="/home/ubuntu/zmap/src"/>
					<Add directory="/home/ubuntu/zmap/lib"/>
					<Add directory="/home/ubuntu/zmap/src/output_modules"/>
					<Add directory="/home/ubuntu/zmap/src/tests"/>
					<Add directory="/usr/lib/gcc/x86_64-linux-gnu/5/include"/>
					<Add directory="/usr/local/include"/>
					<Add directory="/usr/lib/gcc/x86_64-linux-gnu/5/include-fixed"/>
					<Add directory="/usr/include/x86_64-linux-gnu"/>
					<Add directory="/usr/include"/>
				</Compiler>
				<MakeCommands>
					<Build command="/usr/bin/make -j4 -f &quot;/home/ubuntu/zmap/src/Makefile&quot;  VERBOSE=1 ztests/fast"/>
					<CompileFile command="/usr/bin/make -j4 -f &quot;/home/ubuntu/zmap/src/Makefile&quot;  VERBOSE=1 &quot;$file&quot;"/>
					<Clean command="/usr/bin/make -j4 -f &quot;/home/ubuntu/zmap/src/Makefile&quot;  VERBOSE=1 clean"/>
					<DistClean command="/usr/bin/make -j4 -f &quot;/home/ubuntu/zmap/src/Makefile&quot;  VERBOSE=1 clean"/>
				</MakeCommands>
			</Target>
			<Target title="git_versioning">
				<Option working_dir="/home/ubuntu/zmap/src"/>
				<Option type="4"/>
				<MakeCommands>
					<Build command="/usr/bin/make -j4 -f &quot;/home/ubuntu/zmap/src/Makefile&quot;  VERBOSE=1 git_versioning"/>
					<CompileFile command="/usr/bin/make -j4 -f &quot;/home/ubuntu/zmap/src/Makefile&quot;  VERBOSE=1 &quot;$file&quot;"/>
					<Clean command="/usr/bin/make -j4 -f &quot;/home/ubuntu/zmap/src/Makefile&quot;  VERBOSE=1 clean"/>
					<DistClean command="/usr/bin/make -j4 -f &quot;/home/ubuntu/zmap/src/Makefile&quot;  VERBOSE=1 clean"/>
				</MakeCommands>
			</Target>
			<Target title="zmap">
				<Option output="/home/ubuntu/zmap/src/zmap" prefix_auto="0" extension_auto="0"/>
				<Option working_dir="/home/ubuntu/zmap/src"/>
				<Option object_output="./"/>
				<Option type="1"/>
				<Option compiler="gcc"/>
				<Compiler>
					<Add directory="/usr/include/json-c"/>
					<Add directory="/home/ubuntu/zmap/src"/>
					<Add directory="/home/ubuntu/zmap/lib"/>
					<Add directory="/home/ubuntu/zmap/src/output_modules"/>
					<Add directory="/home/ubuntu/zmap/src/tests"/>
					<Add directory="/usr/lib/gcc/x86_64-linux-gnu/5/include"/>
					<Add directory="/usr/local/include"/>
					<Add directory="/usr/lib/gcc/x86_64-linux-gnu/5/include-fixed"/>
					<Add directory="/usr/include/x86_64-linux-gnu"/>
					<Add directory="/usr/include"/>
				</Compiler>
				<MakeCommands>
					<Build command="/usr/bin/make -j4 -f &quot;/home/ubuntu/zmap/src/Makefile&quot;  VERBOSE=1 zmap"/>
					<CompileFile command="/usr/bin/make -j4 -f &quot;/home/ubuntu/zmap/src/Makefile&quot;  VERBOSE=1 &quot;$file&quot;"/>
					<Clean command="/usr/bin/make -j4 -f &quot;/home/ubuntu/zmap/src/Makefile&quot;  VERBOSE=1 clean"/>
					<DistClean command="/usr/bin/make -j4 -f &quot;/home/ubuntu/zmap/src/Makefile&quot;  VERBOSE=1 clean"/>
				</MakeCommands>
			</Target>
			<Target title="zmap/fast">
				<Option output="/home/ubuntu/zmap/src/zmap" prefix_auto="0" extension_auto="0"/>
				<Option working_dir="/home/ubuntu/zmap/src"/>
				<Option object_output="./"/>
				<Option type="1"/>
				<Option compiler="gcc"/>
				<Compiler>
					<Add directory="/usr/include/json-c"/>
					<Add directory="/home/ubuntu/zmap/src"/>
					<Add directory="/home/ubuntu/zmap/lib"/>
					<Add directory="/home/ubuntu/zmap/src/output_modules"/>
					<Add directory="/home/ubuntu/zmap/src/tests"/>
					<Add directory="/usr/lib/gcc/x86_64-linux-gnu/5/include"/>
					<Add directory="/usr/local/include"/>
					<Add directory="/usr/lib/gcc/x86_64-linux-gnu/5/include-fixed"/>
					<Add directory="/usr/include/x86_64-linux-gnu"/>
					<Add directory="/usr/include"/>
				</Compiler>
				<MakeCommands>
					<Build command="/usr/bin/make -j4 -f &quot;/home/ubuntu/zmap/src/Makefile&quot;  VERBOSE=1 zmap/fast"/>
					<CompileFile command="/usr/bin/make -j4 -f &quot;/home/ubuntu/zmap/src/Makefile&quot;  VERBOSE=1 &quot;$file&quot;"/>
					<Clean command="/usr/bin/make -j4 -f &quot;/home/ubuntu/zmap/src/Makefile&quot;  VERBOSE=1 clean"/>
					<DistClean command="/usr/bin/make -j4 -f &quot;/home/ubuntu/zmap/src/Makefile&quot;  VERBOSE=1 clean"/>
				</MakeCommands>
			</Target>
		</Build>
		<Unit filename="/home/ubuntu/zmap/lib/blacklist.c">
			<Option target="zmaplib"/>
		</Unit>
		<Unit filename="/home/ubuntu/zmap/lib/blacklist.h">
			<Option target="zmaplib"/>
		</Unit>
		<Unit filename="/home/ubuntu/zmap/lib/constraint.c">
			<Option target="zmaplib"/>
		</Unit>
		<Unit filename="/home/ubuntu/zmap/lib/constraint.h">
			<Option target="zmaplib"/>
		</Unit>
		<Unit filename="/home/ubuntu/zmap/lib/csv.c">
			<Option target="zmaplib"/>
		</Unit>
		<Unit filename="/home/ubuntu/zmap/lib/csv.h">
			<Option target="zmaplib"/>
		</Unit>
		<Unit filename="/home/ubuntu/zmap/lib/lockfd.c">
			<Option target="zmaplib"/>
		</Unit>
		<Unit filename="/home/ubuntu/zmap/lib/lockfd.h">
			<Option target="zmaplib"/>
		</Unit>
		<Unit filename="/home/ubuntu/zmap/lib/logger.c">
			<Option target="zmaplib"/>
		</Unit>
		<Unit filename="/home/ubuntu/zmap/lib/logger.h">
			<Option target="zmaplib"/>
		</Unit>
		<Unit filename="/home/ubuntu/zmap/lib/pbm.c">
			<Option target="zmaplib"/>
		</Unit>
		<Unit filename="/home/ubuntu/zmap/lib/pbm.h">
			<Option target="zmaplib"/>
		</Unit>
		<Unit filename="/home/ubuntu/zmap/lib/queue.c">
			<Option target="zmaplib"/>
		</Unit>
		<Unit filename="/home/ubuntu/zmap/lib/queue.h">
			<Option target="zmaplib"/>
		</Unit>
		<Unit filename="/home/ubuntu/zmap/lib/random.c">
			<Option target="zmaplib"/>
		</Unit>
		<Unit filename="/home/ubuntu/zmap/lib/random.h">
			<Option target="zmaplib"/>
		</Unit>
		<Unit filename="/home/ubuntu/zmap/lib/rijndael-alg-fst.c">
			<Option target="zmaplib"/>
		</Unit>
		<Unit filename="/home/ubuntu/zmap/lib/rijndael-alg-fst.h">
			<Option target="zmaplib"/>
		</Unit>
		<Unit filename="/home/ubuntu/zmap/lib/util.c">
			<Option target="zmaplib"/>
		</Unit>
		<Unit filename="/home/ubuntu/zmap/lib/util.h">
			<Option target="zmaplib"/>
		</Unit>
		<Unit filename="/home/ubuntu/zmap/lib/xalloc.c">
			<Option target="zmaplib"/>
		</Unit>
		<Unit filename="/home/ubuntu/zmap/lib/xalloc.h">
			<Option target="zmaplib"/>
		</Unit>
		<Unit filename="/home/ubuntu/zmap/src/aesrand.c">
			<Option target="ziterate"/>
			<Option target="ztests"/>
			<Option target="zmap"/>
		</Unit>
		<Unit filename="/home/ubuntu/zmap/src/aesrand.h">
			<Option target="ziterate"/>
			<Option target="ztests"/>
			<Option target="zmap"/>
		</Unit>
		<Unit filename="/home/ubuntu/zmap/src/cyclic.c">
			<Option target="ziterate"/>
			<Option target="ztests"/>
			<Option target="zmap"/>
		</Unit>
		<Unit filename="/home/ubuntu/zmap/src/cyclic.h">
			<Option target="ziterate"/>
			<Option target="ztests"/>
			<Option target="zmap"/>
		</Unit>
		<Unit filename="/home/ubuntu/zmap/src/expression.c">
			<Option target="ztests"/>
			<Option target="zmap"/>
		</Unit>
		<Unit filename="/home/ubuntu/zmap/src/expression.h">
			<Option target="ztests"/>
			<Option target="zmap"/>
		</Unit>
		<Unit filename="/home/ubuntu/zmap/src/fieldset.c">
			<Option target="ztests"/>
			<Option target="zmap"/>
		</Unit>
		<Unit filename="/home/ubuntu/zmap/src/fieldset.h">
			<Option target="ztests"/>
			<Option target="zmap"/>
		</Unit>
		<Unit filename="/home/ubuntu/zmap/src/filter.c">
			<Option target="ztests"/>
			<Option target="zmap"/>
		</Unit>
		<Unit filename="/home/ubuntu/zmap/src/filter.h">
			<Option target="ztests"/>
			<Option target="zmap"/>
		</Unit>
		<Unit filename="/home/ubuntu/zmap/src/get_gateway.c">
			<Option target="ztests"/>
			<Option target="zmap"/>
		</Unit>
		<Unit filename="/home/ubuntu/zmap/src/get_gateway.h">
			<Option target="ztests"/>
			<Option target="zmap"/>
		</Unit>
		<Unit filename="/home/ubuntu/zmap/src/iterator.c">
			<Option target="ziterate"/>
			<Option target="ztests"/>
			<Option target="zmap"/>
		</Unit>
		<Unit filename="/home/ubuntu/zmap/src/iterator.h">
			<Option target="ziterate"/>
			<Option target="ztests"/>
			<Option target="zmap"/>
		</Unit>
		<Unit filename="/home/ubuntu/zmap/src/lexer.c">
			<Option target="ztests"/>
			<Option target="zmap"/>
		</Unit>
		<Unit filename="/home/ubuntu/zmap/src/lexer.c.rule">
			<Option target="ztests"/>
			<Option target="zmap"/>
		</Unit>
		<Unit filename="/home/ubuntu/zmap/src/lexer.h">
			<Option target="ztests"/>
			<Option target="zmap"/>
		</Unit>
		<Unit filename="/home/ubuntu/zmap/src/monitor.c">
			<Option target="ztests"/>
			<Option target="zmap"/>
		</Unit>
		<Unit filename="/home/ubuntu/zmap/src/monitor.h">
			<Option target="ztests"/>
			<Option target="zmap"/>
		</Unit>
		<Unit filename="/home/ubuntu/zmap/src/output_modules/module_csv.c">
			<Option target="ztests"/>
			<Option target="zmap"/>
		</Unit>
		<Unit filename="/home/ubuntu/zmap/src/output_modules/module_csv.h">
			<Option target="ztests"/>
			<Option target="zmap"/>
		</Unit>
		<Unit filename="/home/ubuntu/zmap/src/output_modules/module_json.c">
			<Option target="ztests"/>
			<Option target="zmap"/>
		</Unit>
		<Unit filename="/home/ubuntu/zmap/src/output_modules/module_json.h">
			<Option target="ztests"/>
			<Option target="zmap"/>
		</Unit>
		<Unit filename="/home/ubuntu/zmap/src/output_modules/output_modules.c">
			<Option target="ztests"/>
			<Option target="zmap"/>
		</Unit>
		<Unit filename="/home/ubuntu/zmap/src/output_modules/output_modules.h">
			<Option target="ztests"/>
			<Option target="zmap"/>
		</Unit>
		<Unit filename="/home/ubuntu/zmap/src/parser.c">
			<Option target="ztests"/>
			<Option target="zmap"/>
		</Unit>
		<Unit filename="/home/ubuntu/zmap/src/parser.c.rule">
			<Option target="ztests"/>
			<Option target="zmap"/>
		</Unit>
		<Unit filename="/home/ubuntu/zmap/src/parser.h">
			<Option target="ztests"/>
			<Option target="zmap"/>
		</Unit>
		<Unit filename="/home/ubuntu/zmap/src/probe_modules/module_bacnet.c">
			<Option target="ztests"/>
			<Option target="zmap"/>
		</Unit>
		<Unit filename="/home/ubuntu/zmap/src/probe_modules/module_bacnet.h">
			<Option target="ztests"/>
			<Option target="zmap"/>
		</Unit>
		<Unit filename="/home/ubuntu/zmap/src/probe_modules/module_dns.c">
			<Option target="ztests"/>
			<Option target="zmap"/>
		</Unit>
		<Unit filename="/home/ubuntu/zmap/src/probe_modules/module_dns.h">
			<Option target="ztests"/>
			<Option target="zmap"/>
		</Unit>
		<Unit filename="/home/ubuntu/zmap/src/probe_modules/module_icmp_echo.c">
			<Option target="ztests"/>
			<Option target="zmap"/>
		</Unit>
		<Unit filename="/home/ubuntu/zmap/src/probe_modules/module_icmp_echo_time.c">
			<Option target="ztests"/>
			<Option target="zmap"/>
		</Unit>
		<Unit filename="/home/ubuntu/zmap/src/probe_modules/module_ipid.c">
			<Option target="ztests"/>
			<Option target="zmap"/>
		</Unit>
		<Unit filename="/home/ubuntu/zmap/src/probe_modules/module_ipid.h">
			<Option target="ztests"/>
			<Option target="zmap"/>
		</Unit>
		<Unit filename="/home/ubuntu/zmap/src/probe_modules/module_ntp.c">
			<Option target="ztests"/>
			<Option target="zmap"/>
		</Unit>
		<Unit filename="/home/ubuntu/zmap/src/probe_modules/module_ntp.h">
			<Option target="ztests"/>
			<Option target="zmap"/>
		</Unit>
		<Unit filename="/home/ubuntu/zmap/src/probe_modules/module_tcp_synackscan.c">
			<Option target="ztests"/>
			<Option target="zmap"/>
		</Unit>
		<Unit filename="/home/ubuntu/zmap/src/probe_modules/module_tcp_synscan.c">
			<Option target="ztests"/>
			<Option target="zmap"/>
		</Unit>
		<Unit filename="/home/ubuntu/zmap/src/probe_modules/module_tcp_synscan.h">
			<Option target="ztests"/>
			<Option target="zmap"/>
		</Unit>
		<Unit filename="/home/ubuntu/zmap/src/probe_modules/module_udp.c">
			<Option target="ztests"/>
			<Option target="zmap"/>
		</Unit>
		<Unit filename="/home/ubuntu/zmap/src/probe_modules/module_udp.h">
			<Option target="ztests"/>
			<Option target="zmap"/>
		</Unit>
		<Unit filename="/home/ubuntu/zmap/src/probe_modules/module_upnp.c">
			<Option target="ztests"/>
			<Option target="zmap"/>
		</Unit>
		<Unit filename="/home/ubuntu/zmap/src/probe_modules/packet.c">
			<Option target="ztests"/>
			<Option target="zmap"/>
		</Unit>
		<Unit filename="/home/ubuntu/zmap/src/probe_modules/packet.h">
			<Option target="ztests"/>
			<Option target="zmap"/>
		</Unit>
		<Unit filename="/home/ubuntu/zmap/src/probe_modules/probe_modules.c">
			<Option target="ztests"/>
			<Option target="zmap"/>
		</Unit>
		<Unit filename="/home/ubuntu/zmap/src/probe_modules/probe_modules.h">
			<Option target="ztests"/>
			<Option target="zmap"/>
		</Unit>
		<Unit filename="/home/ubuntu/zmap/src/recv-pcap.c">
			<Option target="ztests"/>
			<Option target="zmap"/>
		</Unit>
		<Unit filename="/home/ubuntu/zmap/src/recv.c">
			<Option target="ztests"/>
			<Option target="zmap"/>
		</Unit>
		<Unit filename="/home/ubuntu/zmap/src/recv.h">
			<Option target="ztests"/>
			<Option target="zmap"/>
		</Unit>
		<Unit filename="/home/ubuntu/zmap/src/send.c">
			<Option target="ztests"/>
			<Option target="zmap"/>
		</Unit>
		<Unit filename="/home/ubuntu/zmap/src/send.h">
			<Option target="ztests"/>
			<Option target="zmap"/>
		</Unit>
		<Unit filename="/home/ubuntu/zmap/src/shard.c">
			<Option target="ziterate"/>
			<Option target="ztests"/>
			<Option target="zmap"/>
		</Unit>
		<Unit filename="/home/ubuntu/zmap/src/shard.h">
			<Option target="ziterate"/>
			<Option target="ztests"/>
			<Option target="zmap"/>
		</Unit>
		<Unit filename="/home/ubuntu/zmap/src/socket-linux.c">
			<Option target="ztests"/>
			<Option target="zmap"/>
		</Unit>
		<Unit filename="/home/ubuntu/zmap/src/socket.c">
			<Option target="ztests"/>
			<Option target="zmap"/>
		</Unit>
		<Unit filename="/home/ubuntu/zmap/src/socket.h">
			<Option target="ztests"/>
			<Option target="zmap"/>
		</Unit>
		<Unit filename="/home/ubuntu/zmap/src/state.c">
			<Option target="ziterate"/>
			<Option target="ztests"/>
			<Option target="zmap"/>
		</Unit>
		<Unit filename="/home/ubuntu/zmap/src/state.h">
			<Option target="ziterate"/>
			<Option target="ztests"/>
			<Option target="zmap"/>
		</Unit>
		<Unit filename="/home/ubuntu/zmap/src/summary.c">
			<Option target="ztests"/>
			<Option target="zmap"/>
		</Unit>
		<Unit filename="/home/ubuntu/zmap/src/summary.h">
			<Option target="ztests"/>
			<Option target="zmap"/>
		</Unit>
		<Unit filename="/home/ubuntu/zmap/src/tests/test_harness.c">
			<Option target="ztests"/>
		</Unit>
		<Unit filename="/home/ubuntu/zmap/src/topt.h">
			<Option target="ztee"/>
		</Unit>
		<Unit filename="/home/ubuntu/zmap/src/topt.h.rule">
			<Option target="ztee"/>
		</Unit>
		<Unit filename="/home/ubuntu/zmap/src/topt_compat.c">
			<Option target="ztee"/>
		</Unit>
		<Unit filename="/home/ubuntu/zmap/src/validate.c">
			<Option target="ziterate"/>
			<Option target="ztests"/>
			<Option target="zmap"/>
		</Unit>
		<Unit filename="/home/ubuntu/zmap/src/validate.h">
			<Option target="ziterate"/>
			<Option target="ztests"/>
			<Option target="zmap"/>
		</Unit>
		<Unit filename="/home/ubuntu/zmap/src/zblacklist.c">
			<Option target="zblacklist"/>
		</Unit>
		<Unit filename="/home/ubuntu/zmap/src/zbopt.h">
			<Option target="zblacklist"/>
		</Unit>
		<Unit filename="/home/ubuntu/zmap/src/zbopt.h.rule">
			<Option target="zblacklist"/>
		</Unit>
		<Unit filename="/home/ubuntu/zmap/src/zbopt_compat.c">
			<Option target="zblacklist"/>
		</Unit>
		<Unit filename="/home/ubuntu/zmap/src/ziterate.c">
			<Option target="ziterate"/>
		</Unit>
		<Unit filename="/home/ubuntu/zmap/src/zitopt.h">
			<Option target="ziterate"/>
		</Unit>
		<Unit filename="/home/ubuntu/zmap/src/zitopt.h.rule">
			<Option target="ziterate"/>
		</Unit>
		<Unit filename="/home/ubuntu/zmap/src/zitopt_compat.c">
			<Option target="ziterate"/>
		</Unit>
		<Unit filename="/home/ubuntu/zmap/src/zmap.c">
			<Option target="zmap"/>
		</Unit>
		<Unit filename="/home/ubuntu/zmap/src/zopt.h">
			<Option target="zmap"/>
		</Unit>
		<Unit filename="/home/ubuntu/zmap/src/zopt.h.rule">
			<Option target="zmap"/>
		</Unit>
		<Unit filename="/home/ubuntu/zmap/src/zopt_compat.c">
			<Option target="zmap"/>
		</Unit>
		<Unit filename="/home/ubuntu/zmap/src/ztee.c">
			<Option target="ztee"/>
		</Unit>
		<Unit filename="/home/ubuntu/zmap/src/ztopt.h">
			<Option target="ztests"/>
		</Unit>
		<Unit filename="/home/ubuntu/zmap/src/ztopt.h.rule">
			<Option target="ztests"/>
		</Unit>
		<Unit filename="/home/ubuntu/zmap/src/ztopt_compat.c">
			<Option target="ztests"/>
		</Unit>
		<Unit filename="/home/ubuntu/zmap/CMakeLists.txt">
			<Option virtualFolder="CMake Files\"/>
		</Unit>
		<Unit filename="/home/ubuntu/zmap/lib/CMakeLists.txt">
			<Option virtualFolder="CMake Files\lib\"/>
		</Unit>
		<Unit filename="/home/ubuntu/zmap/src/CMakeLists.txt">
			<Option virtualFolder="CMake Files\src\"/>
		</Unit>
		<Unit filename="/home/ubuntu/zmap/src/topt.ggo.in">
			<Option virtualFolder="CMake Files\src\"/>
		</Unit>
		<Unit filename="/home/ubuntu/zmap/src/zbopt.ggo.in">
			<Option virtualFolder="CMake Files\src\"/>
		</Unit>
		<Unit filename="/home/ubuntu/zmap/src/zitopt.ggo.in">
			<Option virtualFolder="CMake Files\src\"/>
		</Unit>
		<Unit filename="/home/ubuntu/zmap/src/zopt.ggo.in">
			<Option virtualFolder="CMake Files\src\"/>
		</Unit>
		<Unit filename="/home/ubuntu/zmap/src/ztopt.ggo.in">
			<Option virtualFolder="CMake Files\src\"/>
		</Unit>
	</Project>
</CodeBlocks_project_file>
